<?xml version="1.0" encoding="utf-8"?>
<Project ToolsVersion="4.0" xmlns="http://schemas.microsoft.com/developer/msbuild/2003">
  <ItemGroup>
    <Filter Include="Source Files">
      <UniqueIdentifier>{4FC737F1-C7A5-4376-A066-2A32D752A2FF}</UniqueIdentifier>
      <Extensions>cpp;c;cc;cxx;c++;cppm;ixx;def;odl;idl;hpj;bat;asm;asmx</Extensions>
    </Filter>
    <Filter Include="Header Files">
      <UniqueIdentifier>{93995380-89BD-4b04-88EB-625FBE52EBFB}</UniqueIdentifier>
      <Extensions>h;hh;hpp;hxx;h++;hm;inl;inc;ipp;xsd</Extensions>
    </Filter>
    <Filter Include="Resource Files">
      <UniqueIdentifier>{67DA6AB6-F800-4c08-8B7A-83BB121AAD01}</UniqueIdentifier>
      <Extensions>rc;ico;cur;bmp;dlg;rc2;rct;bin;rgs;gif;jpg;jpeg;jpe;resx;tiff;tif;png;wav;mfcribbon-ms</Extensions>
    </Filter>
    <Filter Include="Header Files\Util">
      <UniqueIdentifier>{0deec88b-8f8e-40b1-8038-25c08d50cefa}</UniqueIdentifier>
    </Filter>
    <Filter Include="Header Files\Renderer">
      <UniqueIdentifier>{39a1a863-f854-4731-a575-4a45ac0e043d}</UniqueIdentifier>
    </Filter>
    <Filter Include="Header Files\Renderer\OpenGL">
      <UniqueIdentifier>{8476597a-5012-487f-9064-eebce622e17c}</UniqueIdentifier>
    </Filter>
    <Filter Include="Source Files\Renderer">
      <UniqueIdentifier>{4f4abc54-bca8-49fc-ab68-071ea78b7983}</UniqueIdentifier>
    </Filter>
    <Filter Include="Source Files\Renderer\OpenGL">
      <UniqueIdentifier>{3dea38f7-a13e-4c87-92e3-49b33fa4fe8c}</UniqueIdentifier>
    </Filter>
  </ItemGroup>
  <ItemGroup>
    <ClCompile Include="Engine.cpp">
      <Filter>Source Files</Filter>
    </ClCompile>
    <ClCompile Include="Mesh.cpp">
      <Filter>Source Files</Filter>
    </ClCompile>
    <ClCompile Include="Transform.cpp">
      <Filter>Source Files</Filter>
    </ClCompile>
    <ClCompile Include="GLFWInput.cpp">
      <Filter>Source Files</Filter>
    </ClCompile>
    <ClCompile Include="GameObject.cpp">
      <Filter>Source Files</Filter>
    </ClCompile>
    <ClCompile Include="Camera.cpp">
      <Filter>Source Files</Filter>
    </ClCompile>
    <ClCompile Include="Color.cpp">
      <Filter>Source Files</Filter>
    </ClCompile>
    <ClCompile Include="TimeUtils.cpp">
      <Filter>Source Files</Filter>
    </ClCompile>
    <ClCompile Include="MatrixUtils.cpp">
      <Filter>Source Files</Filter>
    </ClCompile>
    <ClCompile Include="Quaternion.cpp">
      <Filter>Source Files</Filter>
    </ClCompile>
    <ClCompile Include="Model.cpp">
      <Filter>Source Files</Filter>
    </ClCompile>
    <ClCompile Include="Compression.cpp">
      <Filter>Source Files</Filter>
    </ClCompile>
    <ClCompile Include="GLRenderer.cpp">
      <Filter>Source Files\Renderer\OpenGL</Filter>
    </ClCompile>
    <ClCompile Include="GLShader.cpp">
      <Filter>Source Files\Renderer\OpenGL</Filter>
    </ClCompile>
    <ClCompile Include="GLFramebuffer.cpp">
      <Filter>Source Files</Filter>
    </ClCompile>
    <ClCompile Include="GLTexture.cpp">
      <Filter>Source Files\Renderer\OpenGL</Filter>
    </ClCompile>
    <ClCompile Include="IShader.cpp">
      <Filter>Source Files</Filter>
    </ClCompile>
    <ClCompile Include="GL_RAII.cpp">
      <Filter>Source Files</Filter>
    </ClCompile>
  </ItemGroup>
  <ItemGroup>
    <ClInclude Include="Engine.h">
      <Filter>Header Files</Filter>
    </ClInclude>
    <ClInclude Include="GLRenderer.h">
      <Filter>Header Files\Renderer\OpenGL</Filter>
    </ClInclude>
    <ClInclude Include="Config.h">
      <Filter>Header Files</Filter>
    </ClInclude>
    <ClInclude Include="Log.h">
      <Filter>Header Files</Filter>
    </ClInclude>
    <ClInclude Include="ErrorCodes.h">
      <Filter>Header Files</Filter>
    </ClInclude>
    <ClInclude Include="Mesh.h">
      <Filter>Header Files</Filter>
    </ClInclude>
    <ClInclude Include="Transform.h">
      <Filter>Header Files</Filter>
    </ClInclude>
    <ClInclude Include="Vector3.h">
      <Filter>Header Files</Filter>
    </ClInclude>
    <ClInclude Include="FloatUtils.h">
      <Filter>Header Files\Util</Filter>
    </ClInclude>
    <ClInclude Include="GLFWInput.h">
      <Filter>Header Files\Renderer\OpenGL</Filter>
    </ClInclude>
    <ClInclude Include="GL_RAII.h">
      <Filter>Header Files\Renderer\OpenGL</Filter>
    </ClInclude>
    <ClInclude Include="Vector2.h">
      <Filter>Header Files</Filter>
    </ClInclude>
    <ClInclude Include="GameObject.h">
      <Filter>Header Files</Filter>
    </ClInclude>
    <ClInclude Include="Camera.h">
      <Filter>Header Files</Filter>
    </ClInclude>
    <ClInclude Include="Color.h">
      <Filter>Header Files</Filter>
    </ClInclude>
    <ClInclude Include="Dirty.h">
      <Filter>Header Files\Util</Filter>
    </ClInclude>
    <ClInclude Include="StringUtils.h">
      <Filter>Header Files\Util</Filter>
    </ClInclude>
    <ClInclude Include="File.h">
      <Filter>Header Files\Util</Filter>
    </ClInclude>
    <ClInclude Include="GLShader.h">
      <Filter>Header Files\Renderer\OpenGL</Filter>
    </ClInclude>
    <ClInclude Include="GL_DebugLayers.h">
      <Filter>Header Files\Renderer\OpenGL</Filter>
    </ClInclude>
    <ClInclude Include="TimeUtils.h">
      <Filter>Header Files</Filter>
    </ClInclude>
    <ClInclude Include="MatrixUtils.h">
      <Filter>Header Files\Util</Filter>
    </ClInclude>
    <ClInclude Include="Quaternion.h">
      <Filter>Header Files</Filter>
    </ClInclude>
    <ClInclude Include="Input.h">
      <Filter>Header Files</Filter>
    </ClInclude>
    <ClInclude Include="Model.h">
      <Filter>Header Files</Filter>
    </ClInclude>
    <ClInclude Include="Compression.h">
      <Filter>Header Files\Util</Filter>
    </ClInclude>
    <ClInclude Include="IRenderer.h">
      <Filter>Header Files\Renderer</Filter>
    </ClInclude>
    <ClInclude Include="IFramebuffer.h">
      <Filter>Header Files\Renderer</Filter>
    </ClInclude>
    <ClInclude Include="GLFramebuffer.h">
      <Filter>Header Files\Renderer\OpenGL</Filter>
    </ClInclude>
    <ClInclude Include="ITexture.h">
      <Filter>Header Files\Renderer</Filter>
    </ClInclude>
    <ClInclude Include="GLTexture.h">
      <Filter>Header Files\Renderer\OpenGL</Filter>
    </ClInclude>
    <ClInclude Include="IShader.h">
      <Filter>Header Files</Filter>
    </ClInclude>
    <ClInclude Include="RObj.h">
      <Filter>Header Files\Util</Filter>
    </ClInclude>
  </ItemGroup>
  <ItemGroup>
    <None Include="assets\mainShader.frag">
      <Filter>Resource Files</Filter>
    </None>
    <None Include="assets\mainShader.vert">
      <Filter>Resource Files</Filter>
    </None>
    <None Include="assets\textureShader.frag">
      <Filter>Resource Files</Filter>
    </None>
    <None Include="assets\testShader.frag">
      <Filter>Resource Files</Filter>
    </None>
    <None Include="assets\fullscreenQuad.frag">
      <Filter>Resource Files</Filter>
    </None>
    <None Include="assets\fullscreenQuad.vert">
      <Filter>Resource Files</Filter>
    </None>
  </ItemGroup>
</Project>