<?xml version="1.0" encoding="utf-8"?>
<Project ToolsVersion="4.0" xmlns="http://schemas.microsoft.com/developer/msbuild/2003">
  <ItemGroup>
    <Filter Include="Source Files">
      <UniqueIdentifier>{4FC737F1-C7A5-4376-A066-2A32D752A2FF}</UniqueIdentifier>
      <Extensions>cpp;c;cc;cxx;c++;cppm;ixx;def;odl;idl;hpj;bat;asm;asmx</Extensions>
    </Filter>
    <Filter Include="Header Files">
      <UniqueIdentifier>{93995380-89BD-4b04-88EB-625FBE52EBFB}</UniqueIdentifier>
      <Extensions>h;hh;hpp;hxx;h++;hm;inl;inc;ipp;xsd</Extensions>
    </Filter>
    <Filter Include="Resource Files">
      <UniqueIdentifier>{67DA6AB6-F800-4c08-8B7A-83BB121AAD01}</UniqueIdentifier>
      <Extensions>rc;ico;cur;bmp;dlg;rc2;rct;bin;rgs;gif;jpg;jpeg;jpe;resx;tiff;tif;png;wav;mfcribbon-ms</Extensions>
    </Filter>
    <Filter Include="Header Files\Util">
      <UniqueIdentifier>{0deec88b-8f8e-40b1-8038-25c08d50cefa}</UniqueIdentifier>
    </Filter>
    <Filter Include="Header Files\Renderer">
      <UniqueIdentifier>{39a1a863-f854-4731-a575-4a45ac0e043d}</UniqueIdentifier>
    </Filter>
    <Filter Include="Header Files\Renderer\OpenGL">
      <UniqueIdentifier>{8476597a-5012-487f-9064-eebce622e17c}</UniqueIdentifier>
    </Filter>
    <Filter Include="Source Files\Renderer">
      <UniqueIdentifier>{4f4abc54-bca8-49fc-ab68-071ea78b7983}</UniqueIdentifier>
    </Filter>
    <Filter Include="Source Files\Renderer\OpenGL">
      <UniqueIdentifier>{3dea38f7-a13e-4c87-92e3-49b33fa4fe8c}</UniqueIdentifier>
    </Filter>
  </ItemGroup>
  <ItemGroup>
    <ClCompile Include="Engine.cpp">
      <Filter>Source Files</Filter>
    </ClCompile>
    <ClCompile Include="Mesh.cpp">
      <Filter>Source Files</Filter>
    </ClCompile>
    <ClCompile Include="Transform.cpp">
      <Filter>Source Files</Filter>
    </ClCompile>
    <ClCompile Include="GLFWInput.cpp">
      <Filter>Source Files</Filter>
    </ClCompile>
    <ClCompile Include="GameObject.cpp">
      <Filter>Source Files</Filter>
    </ClCompile>
    <ClCompile Include="Camera.cpp">
      <Filter>Source Files</Filter>
    </ClCompile>
    <ClCompile Include="Color.cpp">
      <Filter>Source Files</Filter>
    </ClCompile>
    <ClCompile Include="TimeUtils.cpp">
      <Filter>Source Files</Filter>
    </ClCompile>
    <ClCompile Include="MatrixUtils.cpp">
      <Filter>Source Files</Filter>
    </ClCompile>
    <ClCompile Include="Quaternion.cpp">
      <Filter>Source Files</Filter>
    </ClCompile>
    <ClCompile Include="Model.cpp">
      <Filter>Source Files</Filter>
    </ClCompile>
    <ClCompile Include="Compression.cpp">
      <Filter>Source Files</Filter>
    </ClCompile>
    <ClCompile Include="GLRenderer.cpp">
      <Filter>Source Files\Renderer\OpenGL</Filter>
    </ClCompile>
    <ClCompile Include="GLShader.cpp">
      <Filter>Source Files\Renderer\OpenGL</Filter>
    </ClCompile>
    <ClCompile Include="GLFramebuffer.cpp">
      <Filter>Source Files</Filter>
    </ClCompile>
    <ClCompile Include="GLTexture.cpp">
      <Filter>Source Files\Renderer\OpenGL</Filter>
    </ClCompile>
    <ClCompile Include="IShader.cpp">
      <Filter>Source Files</Filter>
    </ClCompile>
    <ClCompile Include="GL_RAII.cpp">
      <Filter>Source Files</Filter>
    </ClCompile>
    <ClCompile Include="ITexture.cpp">
      <Filter>Source Files</Filter>
    </ClCompile>
    <ClCompile Include="Material.cpp">
      <Filter>Source Files</Filter>
    </ClCompile>
    <ClCompile Include="MaterialProperty.cpp">
      <Filter>Source Files</Filter>
    </ClCompile>
    <ClCompile Include="Config.cpp">
      <Filter>Source Files</Filter>
    </ClCompile>
    <ClCompile Include="Input.cpp">
      <Filter>Source Files</Filter>
    </ClCompile>
    <ClCompile Include="IRenderer.cpp">
      <Filter>Source Files</Filter>
    </ClCompile>
    <ClCompile Include="IInputBackend.cpp">
      <Filter>Source Files</Filter>
    </ClCompile>
    <ClCompile Include="InputMapping.cpp">
      <Filter>Source Files</Filter>
    </ClCompile>
    <ClCompile Include="Log.cpp">
      <Filter>Source Files</Filter>
    </ClCompile>
  </ItemGroup>
  <ItemGroup>
    <ClInclude Include="Engine.hpp">
      <Filter>Header Files</Filter>
    </ClInclude>
    <ClInclude Include="GLRenderer.hpp">
      <Filter>Header Files\Renderer\OpenGL</Filter>
    </ClInclude>
    <ClInclude Include="Config.hpp">
      <Filter>Header Files</Filter>
    </ClInclude>
    <ClInclude Include="Log.hpp">
      <Filter>Header Files</Filter>
    </ClInclude>
    <ClInclude Include="ErrorCodes.hpp">
      <Filter>Header Files</Filter>
    </ClInclude>
    <ClInclude Include="Mesh.hpp">
      <Filter>Header Files</Filter>
    </ClInclude>
    <ClInclude Include="Transform.hpp">
      <Filter>Header Files</Filter>
    </ClInclude>
    <ClInclude Include="Vector3.hpp">
      <Filter>Header Files</Filter>
    </ClInclude>
    <ClInclude Include="FloatUtils.hpp">
      <Filter>Header Files\Util</Filter>
    </ClInclude>
    <ClInclude Include="GLFWInput.hpp">
      <Filter>Header Files\Renderer\OpenGL</Filter>
    </ClInclude>
    <ClInclude Include="GL_RAII.hpp">
      <Filter>Header Files\Renderer\OpenGL</Filter>
    </ClInclude>
    <ClInclude Include="Vector2.hpp">
      <Filter>Header Files</Filter>
    </ClInclude>
    <ClInclude Include="GameObject.hpp">
      <Filter>Header Files</Filter>
    </ClInclude>
    <ClInclude Include="Camera.hpp">
      <Filter>Header Files</Filter>
    </ClInclude>
    <ClInclude Include="Color.hpp">
      <Filter>Header Files</Filter>
    </ClInclude>
    <ClInclude Include="Dirty.hpp">
      <Filter>Header Files\Util</Filter>
    </ClInclude>
    <ClInclude Include="StringUtils.hpp">
      <Filter>Header Files\Util</Filter>
    </ClInclude>
    <ClInclude Include="File.hpp">
      <Filter>Header Files\Util</Filter>
    </ClInclude>
    <ClInclude Include="GLShader.hpp">
      <Filter>Header Files\Renderer\OpenGL</Filter>
    </ClInclude>
    <ClInclude Include="GL_DebugLayers.hpp">
      <Filter>Header Files\Renderer\OpenGL</Filter>
    </ClInclude>
    <ClInclude Include="TimeUtils.hpp">
      <Filter>Header Files</Filter>
    </ClInclude>
    <ClInclude Include="MatrixUtils.hpp">
      <Filter>Header Files\Util</Filter>
    </ClInclude>
    <ClInclude Include="Quaternion.hpp">
      <Filter>Header Files</Filter>
    </ClInclude>
    <ClInclude Include="Input.hpp">
      <Filter>Header Files</Filter>
    </ClInclude>
    <ClInclude Include="Model.hpp">
      <Filter>Header Files</Filter>
    </ClInclude>
    <ClInclude Include="Compression.hpp">
      <Filter>Header Files\Util</Filter>
    </ClInclude>
    <ClInclude Include="IRenderer.hpp">
      <Filter>Header Files\Renderer</Filter>
    </ClInclude>
    <ClInclude Include="IFramebuffer.hpp">
      <Filter>Header Files\Renderer</Filter>
    </ClInclude>
    <ClInclude Include="GLFramebuffer.hpp">
      <Filter>Header Files\Renderer\OpenGL</Filter>
    </ClInclude>
    <ClInclude Include="ITexture.hpp">
      <Filter>Header Files\Renderer</Filter>
    </ClInclude>
    <ClInclude Include="GLTexture.hpp">
      <Filter>Header Files\Renderer\OpenGL</Filter>
    </ClInclude>
    <ClInclude Include="IShader.hpp">
      <Filter>Header Files</Filter>
    </ClInclude>
    <ClInclude Include="RObj.hpp">
      <Filter>Header Files\Util</Filter>
    </ClInclude>
    <ClInclude Include="Event.hpp">
      <Filter>Header Files\Util</Filter>
    </ClInclude>
    <ClInclude Include="Material.hpp">
      <Filter>Header Files</Filter>
    </ClInclude>
    <ClInclude Include="MacroUtils.hpp">
      <Filter>Header Files</Filter>
    </ClInclude>
    <ClInclude Include="MaterialProperty.hpp">
      <Filter>Header Files</Filter>
    </ClInclude>
    <ClInclude Include="GLInclude.hpp">
      <Filter>Header Files\Renderer\OpenGL</Filter>
    </ClInclude>
    <ClInclude Include="IInputBackend.hpp">
      <Filter>Header Files</Filter>
    </ClInclude>
    <ClInclude Include="InputMapping.hpp">
      <Filter>Header Files</Filter>
    </ClInclude>
    <ClInclude Include="InputStructs.hpp">
      <Filter>Header Files</Filter>
    </ClInclude>
  </ItemGroup>
  <ItemGroup>
    <None Include="assets\mainShader.frag">
      <Filter>Resource Files</Filter>
    </None>
    <None Include="assets\mainShader.vert">
      <Filter>Resource Files</Filter>
    </None>
    <None Include="assets\textureShader.frag">
      <Filter>Resource Files</Filter>
    </None>
    <None Include="assets\testShader.frag">
      <Filter>Resource Files</Filter>
    </None>
    <None Include="assets\fullscreenQuad.frag">
      <Filter>Resource Files</Filter>
    </None>
    <None Include="assets\fullscreenQuad.vert">
      <Filter>Resource Files</Filter>
    </None>
    <None Include="assets\mainShader_texture.frag">
      <Filter>Resource Files</Filter>
    </None>
  </ItemGroup>
</Project>